
Microsoft Visual Studio Solution File, Format Version 12.00
# Visual Studio 2012
Project("{FAE04EC0-301F-11D3-BF4B-00C04F79EFBC}") = "MLMExchange", "MLMExchange\MLMExchange.csproj", "{D6A0DF67-81B7-470F-9E68-7F120622834C}"
EndProject
Project("{FAE04EC0-301F-11D3-BF4B-00C04F79EFBC}") = "Logic", "Logic\Logic.csproj", "{C2BCE3F7-3976-4F25-A60D-4DD4206FEEB5}"
EndProject
Global
	GlobalSection(SolutionConfigurationPlatforms) = preSolution
		Debug|Any CPU = Debug|Any CPU
		Release|Any CPU = Release|Any CPU
	EndGlobalSection
	GlobalSection(ProjectConfigurationPlatforms) = postSolution
		{D6A0DF67-81B7-470F-9E68-7F120622834C}.Debug|Any CPU.ActiveCfg = Debug|Any CPU
		{D6A0DF67-81B7-470F-9E68-7F120622834C}.Debug|Any CPU.Build.0 = Debug|Any CPU
		{D6A0DF67-81B7-470F-9E68-7F120622834C}.Release|Any CPU.ActiveCfg = Release|Any CPU
		{D6A0DF67-81B7-470F-9E68-7F120622834C}.Release|Any CPU.Build.0 = Release|Any CPU
		{C2BCE3F7-3976-4F25-A60D-4DD4206FEEB5}.Debug|Any CPU.ActiveCfg = Debug|Any CPU
		{C2BCE3F7-3976-4F25-A60D-4DD4206FEEB5}.Debug|Any CPU.Build.0 = Debug|Any CPU
		{C2BCE3F7-3976-4F25-A60D-4DD4206FEEB5}.Release|Any CPU.ActiveCfg = Release|Any CPU
		{C2BCE3F7-3976-4F25-A60D-4DD4206FEEB5}.Release|Any CPU.Build.0 = Release|Any CPU
	EndGlobalSection
	GlobalSection(SolutionProperties) = preSolution
		HideSolutionNode = FALSE
	EndGlobalSection
EndGlobal
